// !$*UTF8*$!
{
	archiveVersion = 1;
	classes = {
	};
	objectVersion = 77;
	objects = {

/* Begin PBXContainerItemProxy section */
		516EE3082DD7AF2600E32C9F /* PBXContainerItemProxy */ = {
			isa = PBXContainerItemProxy;
			containerPortal = 516EE2EF2DD7AF2500E32C9F /* Project object */;
			proxyType = 1;
			remoteGlobalIDString = 516EE2F62DD7AF2500E32C9F;
			remoteInfo = "Hydration Planner";
		};
		516EE3122DD7AF2600E32C9F /* PBXContainerItemProxy */ = {
			isa = PBXContainerItemProxy;
			containerPortal = 516EE2EF2DD7AF2500E32C9F /* Project object */;
			proxyType = 1;
			remoteGlobalIDString = 516EE2F62DD7AF2500E32C9F;
			remoteInfo = "Hydration Planner";
		};
/* End PBXContainerItemProxy section */

/* Begin PBXFileReference section */
		516EE2F72DD7AF2500E32C9F /* Hydration Planner.app */ = {isa = PBXFileReference; explicitFileType = wrapper.application; includeInIndex = 0; path = "Hydration Planner.app"; sourceTree = BUILT_PRODUCTS_DIR; };
		516EE3072DD7AF2600E32C9F /* Hydration PlannerTests.xctest */ = {isa = PBXFileReference; explicitFileType = wrapper.cfbundle; includeInIndex = 0; path = "Hydration PlannerTests.xctest"; sourceTree = BUILT_PRODUCTS_DIR; };
		516EE3112DD7AF2600E32C9F /* Hydration PlannerUITests.xctest */ = {isa = PBXFileReference; explicitFileType = wrapper.cfbundle; includeInIndex = 0; path = "Hydration PlannerUITests.xctest"; sourceTree = BUILT_PRODUCTS_DIR; };
/* End PBXFileReference section */

/* Begin PBXFileSystemSynchronizedRootGroup section */
		516EE2F92DD7AF2500E32C9F /* Hydration Planner */ = {
			isa = PBXFileSystemSynchronizedRootGroup;
			path = "Hydration Planner";
			sourceTree = "<group>";
		};
		516EE30A2DD7AF2600E32C9F /* Hydration PlannerTests */ = {
			isa = PBXFileSystemSynchronizedRootGroup;
			path = "Hydration PlannerTests";
			sourceTree = "<group>";
		};
		516EE3142DD7AF2600E32C9F /* Hydration PlannerUITests */ = {
			isa = PBXFileSystemSynchronizedRootGroup;
			path = "Hydration PlannerUITests";
			sourceTree = "<group>";
		};
/* End PBXFileSystemSynchronizedRootGroup section */

/* Begin PBXFrameworksBuildPhase section */
		516EE2F42DD7AF2500E32C9F /* Frameworks */ = {
			isa = PBXFrameworksBuildPhase;
			buildActionMask = 2147483647;
			files = (
			);
			runOnlyForDeploymentPostprocessing = 0;
		};
		516EE3042DD7AF2600E32C9F /* Frameworks */ = {
			isa = PBXFrameworksBuildPhase;
			buildActionMask = 2147483647;
			files = (
			);
			runOnlyForDeploymentPostprocessing = 0;
		};
		516EE30E2DD7AF2600E32C9F /* Frameworks */ = {
			isa = PBXFrameworksBuildPhase;
			buildActionMask = 2147483647;
			files = (
			);
			runOnlyForDeploymentPostprocessing = 0;
		};
/* End PBXFrameworksBuildPhase section */

/* Begin PBXGroup section */
		516EE2EE2DD7AF2500E32C9F = {
			isa = PBXGroup;
			children = (
				516EE2F92DD7AF2500E32C9F /* Hydration Planner */,
				516EE30A2DD7AF2600E32C9F /* Hydration PlannerTests */,
				516EE3142DD7AF2600E32C9F /* Hydration PlannerUITests */,
				516EE2F82DD7AF2500E32C9F /* Products */,
			);
			sourceTree = "<group>";
		};
		516EE2F82DD7AF2500E32C9F /* Products */ = {
			isa = PBXGroup;
			children = (
				516EE2F72DD7AF2500E32C9F /* Hydration Planner.app */,
				516EE3072DD7AF2600E32C9F /* Hydration PlannerTests.xctest */,
				516EE3112DD7AF2600E32C9F /* Hydration PlannerUITests.xctest */,
			);
			name = Products;
			sourceTree = "<group>";
		};
/* End PBXGroup section */

/* Begin PBXNativeTarget section */
		516EE2F62DD7AF2500E32C9F /* Hydration Planner */ = {
			isa = PBXNativeTarget;
			buildConfigurationList = 516EE31B2DD7AF2600E32C9F /* Build configuration list for PBXNativeTarget "Hydration Planner" */;
			buildPhases = (
				516EE2F32DD7AF2500E32C9F /* Sources */,
				516EE2F42DD7AF2500E32C9F /* Frameworks */,
				516EE2F52DD7AF2500E32C9F /* Resources */,
			);
			buildRules = (
			);
			dependencies = (
			);
			fileSystemSynchronizedGroups = (
				516EE2F92DD7AF2500E32C9F /* Hydration Planner */,
			);
			name = "Hydration Planner";
			packageProductDependencies = (
			);
			productName = "Hydration Planner";
			productReference = 516EE2F72DD7AF2500E32C9F /* Hydration Planner.app */;
			productType = "com.apple.product-type.application";
		};
		516EE3062DD7AF2600E32C9F /* Hydration PlannerTests */ = {
			isa = PBXNativeTarget;
			buildConfigurationList = 516EE31E2DD7AF2600E32C9F /* Build configuration list for PBXNativeTarget "Hydration PlannerTests" */;
			buildPhases = (
				516EE3032DD7AF2600E32C9F /* Sources */,
				516EE3042DD7AF2600E32C9F /* Frameworks */,
				516EE3052DD7AF2600E32C9F /* Resources */,
			);
			buildRules = (
			);
			dependencies = (
				516EE3092DD7AF2600E32C9F /* PBXTargetDependency */,
			);
			fileSystemSynchronizedGroups = (
				516EE30A2DD7AF2600E32C9F /* Hydration PlannerTests */,
			);
			name = "Hydration PlannerTests";
			packageProductDependencies = (
			);
			productName = "Hydration PlannerTests";
			productReference = 516EE3072DD7AF2600E32C9F /* Hydration PlannerTests.xctest */;
			productType = "com.apple.product-type.bundle.unit-test";
		};
		516EE3102DD7AF2600E32C9F /* Hydration PlannerUITests */ = {
			isa = PBXNativeTarget;
			buildConfigurationList = 516EE3212DD7AF2600E32C9F /* Build configuration list for PBXNativeTarget "Hydration PlannerUITests" */;
			buildPhases = (
				516EE30D2DD7AF2600E32C9F /* Sources */,
				516EE30E2DD7AF2600E32C9F /* Frameworks */,
				516EE30F2DD7AF2600E32C9F /* Resources */,
			);
			buildRules = (
			);
			dependencies = (
				516EE3132DD7AF2600E32C9F /* PBXTargetDependency */,
			);
			fileSystemSynchronizedGroups = (
				516EE3142DD7AF2600E32C9F /* Hydration PlannerUITests */,
			);
			name = "Hydration PlannerUITests";
			packageProductDependencies = (
			);
			productName = "Hydration PlannerUITests";
			productReference = 516EE3112DD7AF2600E32C9F /* Hydration PlannerUITests.xctest */;
			productType = "com.apple.product-type.bundle.ui-testing";
		};
/* End PBXNativeTarget section */

/* Begin PBXProject section */
		516EE2EF2DD7AF2500E32C9F /* Project object */ = {
			isa = PBXProject;
			attributes = {
				BuildIndependentTargetsInParallel = 1;
				LastSwiftUpdateCheck = 1620;
				LastUpgradeCheck = 1620;
				TargetAttributes = {
					516EE2F62DD7AF2500E32C9F = {
						CreatedOnToolsVersion = 16.2;
					};
					516EE3062DD7AF2600E32C9F = {
						CreatedOnToolsVersion = 16.2;
						TestTargetID = 516EE2F62DD7AF2500E32C9F;
					};
					516EE3102DD7AF2600E32C9F = {
						CreatedOnToolsVersion = 16.2;
						TestTargetID = 516EE2F62DD7AF2500E32C9F;
					};
				};
			};
			buildConfigurationList = 516EE2F22DD7AF2500E32C9F /* Build configuration list for PBXProject "Hydration Planner" */;
			developmentRegion = en;
			hasScannedForEncodings = 0;
			knownRegions = (
				en,
				Base,
			);
			mainGroup = 516EE2EE2DD7AF2500E32C9F;
			minimizedProjectReferenceProxies = 1;
			preferredProjectObjectVersion = 77;
			productRefGroup = 516EE2F82DD7AF2500E32C9F /* Products */;
			projectDirPath = "";
			projectRoot = "";
			targets = (
				516EE2F62DD7AF2500E32C9F /* Hydration Planner */,
				516EE3062DD7AF2600E32C9F /* Hydration PlannerTests */,
				516EE3102DD7AF2600E32C9F /* Hydration PlannerUITests */,
			);
		};
/* End PBXProject section */

/* Begin PBXResourcesBuildPhase section */
		516EE2F52DD7AF2500E32C9F /* Resources */ = {
			isa = PBXResourcesBuildPhase;
			buildActionMask = 2147483647;
			files = (
			);
			runOnlyForDeploymentPostprocessing = 0;
		};
		516EE3052DD7AF2600E32C9F /* Resources */ = {
			isa = PBXResourcesBuildPhase;
			buildActionMask = 2147483647;
			files = (
			);
			runOnlyForDeploymentPostprocessing = 0;
		};
		516EE30F2DD7AF2600E32C9F /* Resources */ = {
			isa = PBXResourcesBuildPhase;
			buildActionMask = 2147483647;
			files = (
			);
			runOnlyForDeploymentPostprocessing = 0;
		};
/* End PBXResourcesBuildPhase section */

/* Begin PBXSourcesBuildPhase section */
		516EE2F32DD7AF2500E32C9F /* Sources */ = {
			isa = PBXSourcesBuildPhase;
			buildActionMask = 2147483647;
			files = (
			);
			runOnlyForDeploymentPostprocessing = 0;
		};
		516EE3032DD7AF2600E32C9F /* Sources */ = {
			isa = PBXSourcesBuildPhase;
			buildActionMask = 2147483647;
			files = (
			);
			runOnlyForDeploymentPostprocessing = 0;
		};
		516EE30D2DD7AF2600E32C9F /* Sources */ = {
			isa = PBXSourcesBuildPhase;
			buildActionMask = 2147483647;
			files = (
			);
			runOnlyForDeploymentPostprocessing = 0;
		};
/* End PBXSourcesBuildPhase section */

/* Begin PBXTargetDependency section */
		516EE3092DD7AF2600E32C9F /* PBXTargetDependency */ = {
			isa = PBXTargetDependency;
			target = 516EE2F62DD7AF2500E32C9F /* Hydration Planner */;
			targetProxy = 516EE3082DD7AF2600E32C9F /* PBXContainerItemProxy */;
		};
		516EE3132DD7AF2600E32C9F /* PBXTargetDependency */ = {
			isa = PBXTargetDependency;
			target = 516EE2F62DD7AF2500E32C9F /* Hydration Planner */;
			targetProxy = 516EE3122DD7AF2600E32C9F /* PBXContainerItemProxy */;
		};
/* End PBXTargetDependency section */

/* Begin XCBuildConfiguration section */
		516EE3192DD7AF2600E32C9F /* Debug */ = {
			isa = XCBuildConfiguration;
			buildSettings = {
				ALWAYS_SEARCH_USER_PATHS = NO;
				ASSETCATALOG_COMPILER_GENERATE_SWIFT_ASSET_SYMBOL_EXTENSIONS = YES;
				CLANG_ANALYZER_NONNULL = YES;
				CLANG_ANALYZER_NUMBER_OBJECT_CONVERSION = YES_AGGRESSIVE;
				CLANG_CXX_LANGUAGE_STANDARD = "gnu++20";
				CLANG_ENABLE_MODULES = YES;
				CLANG_ENABLE_OBJC_ARC = YES;
				CLANG_ENABLE_OBJC_WEAK = YES;
				CLANG_WARN_BLOCK_CAPTURE_AUTORELEASING = YES;
				CLANG_WARN_BOOL_CONVERSION = YES;
				CLANG_WARN_COMMA = YES;
				CLANG_WARN_CONSTANT_CONVERSION = YES;
				CLANG_WARN_DEPRECATED_OBJC_IMPLEMENTATIONS = YES;
				CLANG_WARN_DIRECT_OBJC_ISA_USAGE = YES_ERROR;
				CLANG_WARN_DOCUMENTATION_COMMENTS = YES;
				CLANG_WARN_EMPTY_BODY = YES;
				CLANG_WARN_ENUM_CONVERSION = YES;
				CLANG_WARN_INFINITE_RECURSION = YES;
				CLANG_WARN_INT_CONVERSION = YES;
				CLANG_WARN_NON_LITERAL_NULL_CONVERSION = YES;
				CLANG_WARN_OBJC_IMPLICIT_RETAIN_SELF = YES;
				CLANG_WARN_OBJC_LITERAL_CONVERSION = YES;
				CLANG_WARN_OBJC_ROOT_CLASS = YES_ERROR;
				CLANG_WARN_QUOTED_INCLUDE_IN_FRAMEWORK_HEADER = YES;
				CLANG_WARN_RANGE_LOOP_ANALYSIS = YES;
				CLANG_WARN_STRICT_PROTOTYPES = YES;
				CLANG_WARN_SUSPICIOUS_MOVE = YES;
				CLANG_WARN_UNGUARDED_AVAILABILITY = YES_AGGRESSIVE;
				CLANG_WARN_UNREACHABLE_CODE = YES;
				CLANG_WARN__DUPLICATE_METHOD_MATCH = YES;
				COPY_PHASE_STRIP = NO;
				DEBUG_INFORMATION_FORMAT = dwarf;
				ENABLE_STRICT_OBJC_MSGSEND = YES;
				ENABLE_TESTABILITY = YES;
				ENABLE_USER_SCRIPT_SANDBOXING = YES;
				GCC_C_LANGUAGE_STANDARD = gnu17;
				GCC_DYNAMIC_NO_PIC = NO;
				GCC_NO_COMMON_BLOCKS = YES;
				GCC_OPTIMIZATION_LEVEL = 0;
				GCC_PREPROCESSOR_DEFINITIONS = (
					"DEBUG=1",
					"$(inherited)",
				);
				GCC_WARN_64_TO_32_BIT_CONVERSION = YES;
				GCC_WARN_ABOUT_RETURN_TYPE = YES_ERROR;
				GCC_WARN_UNDECLARED_SELECTOR = YES;
				GCC_WARN_UNINITIALIZED_AUTOS = YES_AGGRESSIVE;
				GCC_WARN_UNUSED_FUNCTION = YES;
				GCC_WARN_UNUSED_VARIABLE = YES;
				IPHONEOS_DEPLOYMENT_TARGET = 18.2;
				LOCALIZATION_PREFERS_STRING_CATALOGS = YES;
				MTL_ENABLE_DEBUG_INFO = INCLUDE_SOURCE;
				MTL_FAST_MATH = YES;
				ONLY_ACTIVE_ARCH = YES;
				SDKROOT = iphoneos;
				SWIFT_ACTIVE_COMPILATION_CONDITIONS = "DEBUG $(inherited)";
				SWIFT_OPTIMIZATION_LEVEL = "-Onone";
			};
			name = Debug;
		};
		516EE31A2DD7AF2600E32C9F /* Release */ = {
			isa = XCBuildConfiguration;
			buildSettings = {
				ALWAYS_SEARCH_USER_PATHS = NO;
				ASSETCATALOG_COMPILER_GENERATE_SWIFT_ASSET_SYMBOL_EXTENSIONS = YES;
				CLANG_ANALYZER_NONNULL = YES;
				CLANG_ANALYZER_NUMBER_OBJECT_CONVERSION = YES_AGGRESSIVE;
				CLANG_CXX_LANGUAGE_STANDARD = "gnu++20";
				CLANG_ENABLE_MODULES = YES;
				CLANG_ENABLE_OBJC_ARC = YES;
				CLANG_ENABLE_OBJC_WEAK = YES;
				CLANG_WARN_BLOCK_CAPTURE_AUTORELEASING = YES;
				CLANG_WARN_BOOL_CONVERSION = YES;
				CLANG_WARN_COMMA = YES;
				CLANG_WARN_CONSTANT_CONVERSION = YES;
				CLANG_WARN_DEPRECATED_OBJC_IMPLEMENTATIONS = YES;
				CLANG_WARN_DIRECT_OBJC_ISA_USAGE = YES_ERROR;
				CLANG_WARN_DOCUMENTATION_COMMENTS = YES;
				CLANG_WARN_EMPTY_BODY = YES;
				CLANG_WARN_ENUM_CONVERSION = YES;
				CLANG_WARN_INFINITE_RECURSION = YES;
				CLANG_WARN_INT_CONVERSION = YES;
				CLANG_WARN_NON_LITERAL_NULL_CONVERSION = YES;
				CLANG_WARN_OBJC_IMPLICIT_RETAIN_SELF = YES;
				CLANG_WARN_OBJC_LITERAL_CONVERSION = YES;
				CLANG_WARN_OBJC_ROOT_CLASS = YES_ERROR;
				CLANG_WARN_QUOTED_INCLUDE_IN_FRAMEWORK_HEADER = YES;
				CLANG_WARN_RANGE_LOOP_ANALYSIS = YES;
				CLANG_WARN_STRICT_PROTOTYPES = YES;
				CLANG_WARN_SUSPICIOUS_MOVE = YES;
				CLANG_WARN_UNGUARDED_AVAILABILITY = YES_AGGRESSIVE;
				CLANG_WARN_UNREACHABLE_CODE = YES;
				CLANG_WARN__DUPLICATE_METHOD_MATCH = YES;
				COPY_PHASE_STRIP = NO;
				DEBUG_INFORMATION_FORMAT = "dwarf-with-dsym";
				ENABLE_NS_ASSERTIONS = NO;
				ENABLE_STRICT_OBJC_MSGSEND = YES;
				ENABLE_USER_SCRIPT_SANDBOXING = YES;
				GCC_C_LANGUAGE_STANDARD = gnu17;
				GCC_NO_COMMON_BLOCKS = YES;
				GCC_WARN_64_TO_32_BIT_CONVERSION = YES;
				GCC_WARN_ABOUT_RETURN_TYPE = YES_ERROR;
				GCC_WARN_UNDECLARED_SELECTOR = YES;
				GCC_WARN_UNINITIALIZED_AUTOS = YES_AGGRESSIVE;
				GCC_WARN_UNUSED_FUNCTION = YES;
				GCC_WARN_UNUSED_VARIABLE = YES;
				IPHONEOS_DEPLOYMENT_TARGET = 18.2;
				LOCALIZATION_PREFERS_STRING_CATALOGS = YES;
				MTL_ENABLE_DEBUG_INFO = NO;
				MTL_FAST_MATH = YES;
				SDKROOT = iphoneos;
				SWIFT_COMPILATION_MODE = wholemodule;
				VALIDATE_PRODUCT = YES;
			};
			name = Release;
		};
		516EE31C2DD7AF2600E32C9F /* Debug */ = {
			isa = XCBuildConfiguration;
			buildSettings = {
				ASSETCATALOG_COMPILER_APPICON_NAME = AppIcon;
				ASSETCATALOG_COMPILER_GLOBAL_ACCENT_COLOR_NAME = AccentColor;
				CODE_SIGN_STYLE = Automatic;
				CURRENT_PROJECT_VERSION = 1;
				DEVELOPMENT_ASSET_PATHS = "\"Hydration Planner/Preview Content\"";
				ENABLE_PREVIEWS = YES;
				GENERATE_INFOPLIST_FILE = YES;
				INFOPLIST_KEY_UIApplicationSceneManifest_Generation = YES;
				INFOPLIST_KEY_UIApplicationSupportsIndirectInputEvents = YES;
				INFOPLIST_KEY_UILaunchScreen_Generation = YES;
				INFOPLIST_KEY_UISupportedInterfaceOrientations_iPad = "UIInterfaceOrientationPortrait UIInterfaceOrientationPortraitUpsideDown UIInterfaceOrientationLandscapeLeft UIInterfaceOrientationLandscapeRight";
				INFOPLIST_KEY_UISupportedInterfaceOrientations_iPhone = "UIInterfaceOrientationPortrait UIInterfaceOrientationLandscapeLeft UIInterfaceOrientationLandscapeRight";
				LD_RUNPATH_SEARCH_PATHS = (
					"$(inherited)",
					"@executable_path/Frameworks",
				);
				MARKETING_VERSION = 1.0;
				PRODUCT_BUNDLE_IDENTIFIER = "com.digitalsolution.Hydration-Planner";
				PRODUCT_NAME = "$(TARGET_NAME)";
				SWIFT_EMIT_LOC_STRINGS = YES;
				SWIFT_VERSION = 5.0;
				TARGETED_DEVICE_FAMILY = "1,2";
			};
			name = Debug;
		};
		516EE31D2DD7AF2600E32C9F /* Release */ = {
			isa = XCBuildConfiguration;
			buildSettings = {
				ASSETCATALOG_COMPILER_APPICON_NAME = AppIcon;
				ASSETCATALOG_COMPILER_GLOBAL_ACCENT_COLOR_NAME = AccentColor;
				CODE_SIGN_STYLE = Automatic;
				CURRENT_PROJECT_VERSION = 1;
				DEVELOPMENT_ASSET_PATHS = "\"Hydration Planner/Preview Content\"";
				ENABLE_PREVIEWS = YES;
				GENERATE_INFOPLIST_FILE = YES;
				INFOPLIST_KEY_UIApplicationSceneManifest_Generation = YES;
				INFOPLIST_KEY_UIApplicationSupportsIndirectInputEvents = YES;
				INFOPLIST_KEY_UILaunchScreen_Generation = YES;
				INFOPLIST_KEY_UISupportedInterfaceOrientations_iPad = "UIInterfaceOrientationPortrait UIInterfaceOrientationPortraitUpsideDown UIInterfaceOrientationLandscapeLeft UIInterfaceOrientationLandscapeRight";
				INFOPLIST_KEY_UISupportedInterfaceOrientations_iPhone = "UIInterfaceOrientationPortrait UIInterfaceOrientationLandscapeLeft UIInterfaceOrientationLandscapeRight";
				LD_RUNPATH_SEARCH_PATHS = (
					"$(inherited)",
					"@executable_path/Frameworks",
				);
				MARKETING_VERSION = 1.0;
				PRODUCT_BUNDLE_IDENTIFIER = "com.digitalsolution.Hydration-Planner";
				PRODUCT_NAME = "$(TARGET_NAME)";
				SWIFT_EMIT_LOC_STRINGS = YES;
				SWIFT_VERSION = 5.0;
				TARGETED_DEVICE_FAMILY = "1,2";
			};
			name = Release;
		};
		516EE31F2DD7AF2600E32C9F /* Debug */ = {
			isa = XCBuildConfiguration;
			buildSettings = {
				BUNDLE_LOADER = "$(TEST_HOST)";
				CODE_SIGN_STYLE = Automatic;
				CURRENT_PROJECT_VERSION = 1;
				GENERATE_INFOPLIST_FILE = YES;
				IPHONEOS_DEPLOYMENT_TARGET = 18.2;
				MARKETING_VERSION = 1.0;
				PRODUCT_BUNDLE_IDENTIFIER = "com.digitalsolution.Hydration-PlannerTests";
				PRODUCT_NAME = "$(TARGET_NAME)";
				SWIFT_EMIT_LOC_STRINGS = NO;
				SWIFT_VERSION = 5.0;
				TARGETED_DEVICE_FAMILY = "1,2";
				TEST_HOST = "$(BUILT_PRODUCTS_DIR)/Hydration Planner.app/$(BUNDLE_EXECUTABLE_FOLDER_PATH)/Hydration Planner";
			};
			name = Debug;
		};
		516EE3202DD7AF2600E32C9F /* Release */ = {
			isa = XCBuildConfiguration;
			buildSettings = {
				BUNDLE_LOADER = "$(TEST_HOST)";
				CODE_SIGN_STYLE = Automatic;
				CURRENT_PROJECT_VERSION = 1;
				GENERATE_INFOPLIST_FILE = YES;
				IPHONEOS_DEPLOYMENT_TARGET = 18.2;
				MARKETING_VERSION = 1.0;
				PRODUCT_BUNDLE_IDENTIFIER = "com.digitalsolution.Hydration-PlannerTests";
				PRODUCT_NAME = "$(TARGET_NAME)";
				SWIFT_EMIT_LOC_STRINGS = NO;
				SWIFT_VERSION = 5.0;
				TARGETED_DEVICE_FAMILY = "1,2";
				TEST_HOST = "$(BUILT_PRODUCTS_DIR)/Hydration Planner.app/$(BUNDLE_EXECUTABLE_FOLDER_PATH)/Hydration Planner";
			};
			name = Release;
		};
		516EE3222DD7AF2600E32C9F /* Debug */ = {
			isa = XCBuildConfiguration;
			buildSettings = {
				CODE_SIGN_STYLE = Automatic;
				CURRENT_PROJECT_VERSION = 1;
				GENERATE_INFOPLIST_FILE = YES;
				MARKETING_VERSION = 1.0;
				PRODUCT_BUNDLE_IDENTIFIER = "com.digitalsolution.Hydration-PlannerUITests";
				PRODUCT_NAME = "$(TARGET_NAME)";
				SWIFT_EMIT_LOC_STRINGS = NO;
				SWIFT_VERSION = 5.0;
				TARGETED_DEVICE_FAMILY = "1,2";
				TEST_TARGET_NAME = "Hydration Planner";
			};
			name = Debug;
		};
		516EE3232DD7AF2600E32C9F /* Release */ = {
			isa = XCBuildConfiguration;
			buildSettings = {
				CODE_SIGN_STYLE = Automatic;
				CURRENT_PROJECT_VERSION = 1;
				GENERATE_INFOPLIST_FILE = YES;
				MARKETING_VERSION = 1.0;
				PRODUCT_BUNDLE_IDENTIFIER = "com.digitalsolution.Hydration-PlannerUITests";
				PRODUCT_NAME = "$(TARGET_NAME)";
				SWIFT_EMIT_LOC_STRINGS = NO;
				SWIFT_VERSION = 5.0;
				TARGETED_DEVICE_FAMILY = "1,2";
				TEST_TARGET_NAME = "Hydration Planner";
			};
			name = Release;
		};
/* End XCBuildConfiguration section */

/* Begin XCConfigurationList section */
		516EE2F22DD7AF2500E32C9F /* Build configuration list for PBXProject "Hydration Planner" */ = {
			isa = XCConfigurationList;
			buildConfigurations = (
				516EE3192DD7AF2600E32C9F /* Debug */,
				516EE31A2DD7AF2600E32C9F /* Release */,
			);
			defaultConfigurationIsVisible = 0;
			defaultConfigurationName = Release;
		};
		516EE31B2DD7AF2600E32C9F /* Build configuration list for PBXNativeTarget "Hydration Planner" */ = {
			isa = XCConfigurationList;
			buildConfigurations = (
				516EE31C2DD7AF2600E32C9F /* Debug */,
				516EE31D2DD7AF2600E32C9F /* Release */,
			);
			defaultConfigurationIsVisible = 0;
			defaultConfigurationName = Release;
		};
		516EE31E2DD7AF2600E32C9F /* Build configuration list for PBXNativeTarget "Hydration PlannerTests" */ = {
			isa = XCConfigurationList;
			buildConfigurations = (
				516EE31F2DD7AF2600E32C9F /* Debug */,
				516EE3202DD7AF2600E32C9F /* Release */,
			);
			defaultConfigurationIsVisible = 0;
			defaultConfigurationName = Release;
		};
		516EE3212DD7AF2600E32C9F /* Build configuration list for PBXNativeTarget "Hydration PlannerUITests" */ = {
			isa = XCConfigurationList;
			buildConfigurations = (
				516EE3222DD7AF2600E32C9F /* Debug */,
				516EE3232DD7AF2600E32C9F /* Release */,
			);
			defaultConfigurationIsVisible = 0;
			defaultConfigurationName = Release;
		};
/* End XCConfigurationList section */
	};
	rootObject = 516EE2EF2DD7AF2500E32C9F /* Project object */;
}
